Microsoft Visual Studio Solution File, Format Version 11.00
# Visual Studio 2010
Project("{FAE04EC0-301F-11D3-BF4B-00C04F79EFBC}") = "Assembly-CSharp-firstpass", "Assembly-CSharp-firstpass.csproj", "{FC13EADB-5F33-0072-8B93-A38711CE2864}"
EndProject
Project("{FAE04EC0-301F-11D3-BF4B-00C04F79EFBC}") = "Assembly-CSharp", "Assembly-CSharp.csproj", "{7CDC260C-EBDA-5017-0AA1-315A56069BC0}"
EndProject
Project("{FAE04EC0-301F-11D3-BF4B-00C04F79EFBC}") = "Assembly-CSharp-Editor-firstpass", "Assembly-CSharp-Editor-firstpass.csproj", "{831C4EC2-418E-AD00-C04D-C607260C9FC1}"
EndProject
Project("{FAE04EC0-301F-11D3-BF4B-00C04F79EFBC}") = "Assembly-CSharp-Editor", "Assembly-CSharp-Editor.csproj", "{5F3B9282-D5B4-EDBD-39E8-FD02E5ACD838}"
EndProject
Global
	GlobalSection(SolutionConfigurationPlatforms) = preSolution
		Debug|Any CPU = Debug|Any CPU
		Release|Any CPU = Release|Any CPU
	EndGlobalSection
	GlobalSection(ProjectConfigurationPlatforms) = postSolution
		{FC13EADB-5F33-0072-8B93-A38711CE2864}.Debug|Any CPU.ActiveCfg = Debug|Any CPU
		{FC13EADB-5F33-0072-8B93-A38711CE2864}.Debug|Any CPU.Build.0 = Debug|Any CPU
		{FC13EADB-5F33-0072-8B93-A38711CE2864}.Release|Any CPU.ActiveCfg = Release|Any CPU
		{FC13EADB-5F33-0072-8B93-A38711CE2864}.Release|Any CPU.Build.0 = Release|Any CPU
		{7CDC260C-EBDA-5017-0AA1-315A56069BC0}.Debug|Any CPU.ActiveCfg = Debug|Any CPU
		{7CDC260C-EBDA-5017-0AA1-315A56069BC0}.Debug|Any CPU.Build.0 = Debug|Any CPU
		{7CDC260C-EBDA-5017-0AA1-315A56069BC0}.Release|Any CPU.ActiveCfg = Release|Any CPU
		{7CDC260C-EBDA-5017-0AA1-315A56069BC0}.Release|Any CPU.Build.0 = Release|Any CPU
		{831C4EC2-418E-AD00-C04D-C607260C9FC1}.Debug|Any CPU.ActiveCfg = Debug|Any CPU
		{831C4EC2-418E-AD00-C04D-C607260C9FC1}.Debug|Any CPU.Build.0 = Debug|Any CPU
		{831C4EC2-418E-AD00-C04D-C607260C9FC1}.Release|Any CPU.ActiveCfg = Release|Any CPU
		{831C4EC2-418E-AD00-C04D-C607260C9FC1}.Release|Any CPU.Build.0 = Release|Any CPU
		{5F3B9282-D5B4-EDBD-39E8-FD02E5ACD838}.Debug|Any CPU.ActiveCfg = Debug|Any CPU
		{5F3B9282-D5B4-EDBD-39E8-FD02E5ACD838}.Debug|Any CPU.Build.0 = Debug|Any CPU
		{5F3B9282-D5B4-EDBD-39E8-FD02E5ACD838}.Release|Any CPU.ActiveCfg = Release|Any CPU
		{5F3B9282-D5B4-EDBD-39E8-FD02E5ACD838}.Release|Any CPU.Build.0 = Release|Any CPU
	EndGlobalSection
	GlobalSection(SolutionProperties) = preSolution
		HideSolutionNode = FALSE
	EndGlobalSection
EndGlobal
